
Microsoft Visual Studio Solution File, Format Version 12.00
# Visual Studio Version 16
VisualStudioVersion = 16.0.32106.194
MinimumVisualStudioVersion = 10.0.40219.1
Project("{9A19103F-16F7-4668-BE54-9A1E7A4F7556}") = "RytheTributary", "RytheTributary.csproj", "{F9D8AF17-88C7-4AEB-A605-15A285D8C73A}"
EndProject
Project("{9A19103F-16F7-4668-BE54-9A1E7A4F7556}") = "CppAst", "..\CppAst.NET\src\CppAst\CppAst.csproj", "{8A6D11B7-C7BE-4F7C-94EC-9DF9D53D7A53}"
EndProject
Global
	GlobalSection(SolutionConfigurationPlatforms) = preSolution
		Debug|Any CPU = Debug|Any CPU
		Release|Any CPU = Release|Any CPU
	EndGlobalSection
	GlobalSection(ProjectConfigurationPlatforms) = postSolution
		{F9D8AF17-88C7-4AEB-A605-15A285D8C73A}.Debug|Any CPU.ActiveCfg = Debug|Any CPU
		{F9D8AF17-88C7-4AEB-A605-15A285D8C73A}.Debug|Any CPU.Build.0 = Debug|Any CPU
		{F9D8AF17-88C7-4AEB-A605-15A285D8C73A}.Release|Any CPU.ActiveCfg = Release|Any CPU
		{F9D8AF17-88C7-4AEB-A605-15A285D8C73A}.Release|Any CPU.Build.0 = Release|Any CPU
		{8A6D11B7-C7BE-4F7C-94EC-9DF9D53D7A53}.Debug|Any CPU.ActiveCfg = Debug|Any CPU
		{8A6D11B7-C7BE-4F7C-94EC-9DF9D53D7A53}.Debug|Any CPU.Build.0 = Debug|Any CPU
		{8A6D11B7-C7BE-4F7C-94EC-9DF9D53D7A53}.Release|Any CPU.ActiveCfg = Release|Any CPU
		{8A6D11B7-C7BE-4F7C-94EC-9DF9D53D7A53}.Release|Any CPU.Build.0 = Release|Any CPU
	EndGlobalSection
	GlobalSection(SolutionProperties) = preSolution
		HideSolutionNode = FALSE
	EndGlobalSection
	GlobalSection(ExtensibilityGlobals) = postSolution
		SolutionGuid = {E6E2E688-83B1-4747-A2CD-86F562B41350}
	EndGlobalSection
EndGlobal
